<?xml version="1.0" encoding="utf-8"?>
<Project ToolsVersion="4.0" xmlns="http://schemas.microsoft.com/developer/msbuild/2003">
  <ItemGroup>
    <Filter Include="Code">
      <UniqueIdentifier>{60B2837C-4CE9-840D-F5D5-6A10E1EB000F}</UniqueIdentifier>
    </Filter>
    <Filter Include="Code\glb">
      <UniqueIdentifier>{A46CF1A1-9039-4CAD-B952-3A55A57E813B}</UniqueIdentifier>
    </Filter>
    <Filter Include="Code\imgui">
      <UniqueIdentifier>{CA0724E4-B6BF-6531-1FC7-3E8D0B9E0022}</UniqueIdentifier>
    </Filter>
    <Filter Include="Code\imgui\backends">
      <UniqueIdentifier>{34E58734-A046-6542-29B4-ABF495149C01}</UniqueIdentifier>
    </Filter>
    <Filter Include="Tools">
      <UniqueIdentifier>{16CF2D0E-82E3-55BF-4B65-F91EB73852F0}</UniqueIdentifier>
    </Filter>
    <Filter Include="Tools\FadoConverter">
      <UniqueIdentifier>{D7A6E0B7-4308-BEC5-CC75-047838D6F484}</UniqueIdentifier>
    </Filter>
    <Filter Include="Tools\FadoConverter\stb">
      <UniqueIdentifier>{AFF81173-1B30-5A0A-243A-BE2D90F08003}</UniqueIdentifier>
    </Filter>
  </ItemGroup>
  <ItemGroup>
    <ClInclude Include="FadoEngine\Code\fado_collision.h">
      <Filter>Code</Filter>
    </ClInclude>
    <ClInclude Include="FadoEngine\Code\fado_d3d.h">
      <Filter>Code</Filter>
    </ClInclude>
    <ClInclude Include="FadoEngine\Code\fado_math.h">
      <Filter>Code</Filter>
    </ClInclude>
    <ClInclude Include="FadoEngine\Code\fado_types.h">
      <Filter>Code</Filter>
    </ClInclude>
    <ClInclude Include="FadoEngine\Code\fado_ui.h">
      <Filter>Code</Filter>
    </ClInclude>
    <ClInclude Include="FadoEngine\Code\fado_win32.h">
      <Filter>Code</Filter>
    </ClInclude>
    <ClInclude Include="FadoEngine\Code\glb\fado_glb.h">
      <Filter>Code\glb</Filter>
    </ClInclude>
    <ClInclude Include="FadoEngine\Code\imgui\backends\imgui_impl_dx11.h">
      <Filter>Code\imgui\backends</Filter>
    </ClInclude>
    <ClInclude Include="FadoEngine\Code\imgui\backends\imgui_impl_win32.h">
      <Filter>Code\imgui\backends</Filter>
    </ClInclude>
    <ClInclude Include="FadoEngine\Code\imgui\imconfig.h">
      <Filter>Code\imgui</Filter>
    </ClInclude>
    <ClInclude Include="FadoEngine\Code\imgui\imgui.h">
      <Filter>Code\imgui</Filter>
    </ClInclude>
    <ClInclude Include="FadoEngine\Code\imgui\imgui_internal.h">
      <Filter>Code\imgui</Filter>
    </ClInclude>
    <ClInclude Include="FadoEngine\Code\imgui\imstb_rectpack.h">
      <Filter>Code\imgui</Filter>
    </ClInclude>
    <ClInclude Include="FadoEngine\Code\imgui\imstb_textedit.h">
      <Filter>Code\imgui</Filter>
    </ClInclude>
    <ClInclude Include="FadoEngine\Code\imgui\imstb_truetype.h">
      <Filter>Code\imgui</Filter>
    </ClInclude>
    <ClInclude Include="FadoEngine\Tools\FadoConverter\fado_asset_format.h">
      <Filter>Tools\FadoConverter</Filter>
    </ClInclude>
    <ClInclude Include="FadoEngine\Tools\FadoConverter\stb\stb_dxt.h">
      <Filter>Tools\FadoConverter\stb</Filter>
    </ClInclude>
    <ClInclude Include="FadoEngine\Tools\FadoConverter\stb\stb_image.h">
      <Filter>Tools\FadoConverter\stb</Filter>
    </ClInclude>
    <ClInclude Include="FadoEngine\Tools\FadoConverter\stb\stb_image_resize2.h">
      <Filter>Tools\FadoConverter\stb</Filter>
    </ClInclude>
    <ClInclude Include="FadoEngine\Tools\FadoConverter\stb\stb_truetype.h">
      <Filter>Tools\FadoConverter\stb</Filter>
    </ClInclude>
  </ItemGroup>
  <ItemGroup>
    <ClCompile Include="FadoEngine\Code\fado_d3d.cpp">
      <Filter>Code</Filter>
    </ClCompile>
    <ClCompile Include="FadoEngine\Code\fado_win32.cpp">
      <Filter>Code</Filter>
    </ClCompile>
    <ClCompile Include="FadoEngine\Code\imgui\backends\imgui_impl_dx11.cpp">
      <Filter>Code\imgui\backends</Filter>
    </ClCompile>
    <ClCompile Include="FadoEngine\Code\imgui\backends\imgui_impl_win32.cpp">
      <Filter>Code\imgui\backends</Filter>
    </ClCompile>
    <ClCompile Include="FadoEngine\Code\imgui\imgui.cpp">
      <Filter>Code\imgui</Filter>
    </ClCompile>
    <ClCompile Include="FadoEngine\Code\imgui\imgui_demo.cpp">
      <Filter>Code\imgui</Filter>
    </ClCompile>
    <ClCompile Include="FadoEngine\Code\imgui\imgui_draw.cpp">
      <Filter>Code\imgui</Filter>
    </ClCompile>
    <ClCompile Include="FadoEngine\Code\imgui\imgui_tables.cpp">
      <Filter>Code\imgui</Filter>
    </ClCompile>
    <ClCompile Include="FadoEngine\Code\imgui\imgui_widgets.cpp">
      <Filter>Code\imgui</Filter>
    </ClCompile>
  </ItemGroup>
</Project>